
Microsoft Visual Studio Solution File, Format Version 12.00
# Visual Studio Version 17
VisualStudioVersion = 17.2.32526.322
MinimumVisualStudioVersion = 10.0.40219.1
Project("{FAE04EC0-301F-11D3-BF4B-00C04F79EFBC}") = "JsonParser", "JsonParser\JsonParser.csproj", "{D2E67C03-B7E5-48D3-8602-E89D04B75C70}"
EndProject
Global
	GlobalSection(SolutionConfigurationPlatforms) = preSolution
		Debug|Any CPU = Debug|Any CPU
		Release|Any CPU = Release|Any CPU
	EndGlobalSection
	GlobalSection(ProjectConfigurationPlatforms) = postSolution
		{D2E67C03-B7E5-48D3-8602-E89D04B75C70}.Debug|Any CPU.ActiveCfg = Debug|Any CPU
		{D2E67C03-B7E5-48D3-8602-E89D04B75C70}.Debug|Any CPU.Build.0 = Debug|Any CPU
		{D2E67C03-B7E5-48D3-8602-E89D04B75C70}.Release|Any CPU.ActiveCfg = Release|Any CPU
		{D2E67C03-B7E5-48D3-8602-E89D04B75C70}.Release|Any CPU.Build.0 = Release|Any CPU
	EndGlobalSection
	GlobalSection(SolutionProperties) = preSolution
		HideSolutionNode = FALSE
	EndGlobalSection
	GlobalSection(ExtensibilityGlobals) = postSolution
		SolutionGuid = {4F2B256D-4775-4ABB-8B77-7C52691768B6}
	EndGlobalSection
EndGlobal
